# THIS IS AN AUTOGENERATED FILE. DO NOT EDIT THIS FILE DIRECTLY.
# yarn lockfile v1


batch@~0.3.2:
  version "0.3.2"
  resolved "https://registry.yarnpkg.com/batch/-/batch-0.3.2.tgz#8f802c1358be2b33535f8808e0a23c9f0075733b"

bignumber.js@4.0.4:
  version "4.0.4"
  resolved "https://registry.yarnpkg.com/bignumber.js/-/bignumber.js-4.0.4.tgz#7c40f5abcd2d6623ab7b99682ee7db81b11889a4"

core-util-is@~1.0.0:
  version "1.0.2"
  resolved "https://registry.yarnpkg.com/core-util-is/-/core-util-is-1.0.2.tgz#b5fd54220aa2bc5ab57aab7140c940754503c1a7"

ffmpeg@^0.0.4:
  version "0.0.4"
  resolved "https://registry.yarnpkg.com/ffmpeg/-/ffmpeg-0.0.4.tgz#1c460df8e7da5127f62ceef4bfa06c59c89630cb"
  dependencies:
    when ">= 0.0.1"

inherits@~2.0.3:
  version "2.0.3"
  resolved "https://registry.yarnpkg.com/inherits/-/inherits-2.0.3.tgz#633c2c83e3da42a502f52466022480f4208261de"

isarray@~1.0.0:
  version "1.0.0"
  resolved "https://registry.yarnpkg.com/isarray/-/isarray-1.0.0.tgz#bb935d48582cba168c06834957a54a3e07124f11"

mysql@^2.15.0:
  version "2.15.0"
  resolved "https://registry.yarnpkg.com/mysql/-/mysql-2.15.0.tgz#ea16841156343e8f2e47fc8985ec41cdd9573b5c"
  dependencies:
    bignumber.js "4.0.4"
    readable-stream "2.3.3"
    safe-buffer "5.1.1"
    sqlstring "2.3.0"

process-nextick-args@~1.0.6:
  version "1.0.7"
  resolved "https://registry.yarnpkg.com/process-nextick-args/-/process-nextick-args-1.0.7.tgz#150e20b756590ad3f91093f25a4f2ad8bff30ba3"

python2@^0.0.1:
  version "0.0.1"
  resolved "https://registry.yarnpkg.com/python2/-/python2-0.0.1.tgz#8bb6f03346c1aeb156a0dcae7c1cc3d903e06310"

readable-stream@2.3.3:
  version "2.3.3"
  resolved "https://registry.yarnpkg.com/readable-stream/-/readable-stream-2.3.3.tgz#368f2512d79f9d46fdfc71349ae7878bbc1eb95c"
  dependencies:
    core-util-is "~1.0.0"
    inherits "~2.0.3"
    isarray "~1.0.0"
    process-nextick-args "~1.0.6"
    safe-buffer "~5.1.1"
    string_decoder "~1.0.3"
    util-deprecate "~1.0.1"

safe-buffer@5.1.1, safe-buffer@~5.1.0, safe-buffer@~5.1.1:
  version "5.1.1"
  resolved "https://registry.yarnpkg.com/safe-buffer/-/safe-buffer-5.1.1.tgz#893312af69b2123def71f57889001671eeb2c853"

sox@^0.1.0:
  version "0.1.0"
  resolved "https://registry.yarnpkg.com/sox/-/sox-0.1.0.tgz#a684dcc69aef057c241d4a20e6eb6004a3245560"
  dependencies:
    batch "~0.3.2"

sqlstring@2.3.0:
  version "2.3.0"
  resolved "https://registry.yarnpkg.com/sqlstring/-/sqlstring-2.3.0.tgz#525b8a4fd26d6f71aa61e822a6caf976d31ad2a8"

string_decoder@~1.0.3:
  version "1.0.3"
  resolved "https://registry.yarnpkg.com/string_decoder/-/string_decoder-1.0.3.tgz#0fc67d7c141825de94282dd536bec6b9bce860ab"
  dependencies:
    safe-buffer "~5.1.0"

util-deprecate@~1.0.1:
  version "1.0.2"
  resolved "https://registry.yarnpkg.com/util-deprecate/-/util-deprecate-1.0.2.tgz#450d4dc9fa70de732762fbd2d4a28981419a0ccf"

"when@>= 0.0.1":
  version "3.7.8"
  resolved "https://registry.yarnpkg.com/when/-/when-3.7.8.tgz#c7130b6a7ea04693e842cdc9e7a1f2aa39a39f82"
